// !$*UTF8*$!
{
	archiveVersion = 1;
	classes = {
	};
	objectVersion = 46;
	objects = {

/* Begin PBXBuildFile section */
		743FC29F1F313A0700CD0813 /* MainTabBarController.swift in Sources */ = {isa = PBXBuildFile; fileRef = 743FC29E1F313A0700CD0813 /* MainTabBarController.swift */; };
		743FC2A11F313B3300CD0813 /* UserProfileController.swift in Sources */ = {isa = PBXBuildFile; fileRef = 743FC2A01F313B3300CD0813 /* UserProfileController.swift */; };
		743FC2A41F317F5900CD0813 /* UserProfileHeader.swift in Sources */ = {isa = PBXBuildFile; fileRef = 743FC2A31F317F5900CD0813 /* UserProfileHeader.swift */; };
		745BA0E11F324F3400183D3B /* GoogleService-Info.plist in Resources */ = {isa = PBXBuildFile; fileRef = 745BA0E01F324F3400183D3B /* GoogleService-Info.plist */; };
		745BA0E41F32538100183D3B /* LoginController.swift in Sources */ = {isa = PBXBuildFile; fileRef = 745BA0E31F32538100183D3B /* LoginController.swift */; };
		745BA0E71F32885500183D3B /* PhotoSelectorController.swift in Sources */ = {isa = PBXBuildFile; fileRef = 745BA0E61F32885500183D3B /* PhotoSelectorController.swift */; };
		746349861F36BCAA00877353 /* CustomAnimationPresententor.swift in Sources */ = {isa = PBXBuildFile; fileRef = 746349851F36BCAA00877353 /* CustomAnimationPresententor.swift */; };
		746349881F36C13A00877353 /* CustomAnimationDismsser.swift in Sources */ = {isa = PBXBuildFile; fileRef = 746349871F36C13A00877353 /* CustomAnimationDismsser.swift */; };
		7463498A1F36C6EC00877353 /* CommentsController.swift in Sources */ = {isa = PBXBuildFile; fileRef = 746349891F36C6EC00877353 /* CommentsController.swift */; };
		7470DDB81F32CBAE00BBD417 /* PhotoSelectorCell.swift in Sources */ = {isa = PBXBuildFile; fileRef = 7470DDB71F32CBAE00BBD417 /* PhotoSelectorCell.swift */; };
		7470DDBA1F32D34500BBD417 /* PhotoSelectorHeader.swift in Sources */ = {isa = PBXBuildFile; fileRef = 7470DDB91F32D34500BBD417 /* PhotoSelectorHeader.swift */; };
		7478AB9D1F336BD6002B64D6 /* SharePhotoController.swift in Sources */ = {isa = PBXBuildFile; fileRef = 7478AB9C1F336BD6002B64D6 /* SharePhotoController.swift */; };
		7478AB9F1F338480002B64D6 /* Post.swift in Sources */ = {isa = PBXBuildFile; fileRef = 7478AB9E1F338480002B64D6 /* Post.swift */; };
		7478ABA11F33891E002B64D6 /* UserProfilePhotoCell.swift in Sources */ = {isa = PBXBuildFile; fileRef = 7478ABA01F33891E002B64D6 /* UserProfilePhotoCell.swift */; };
		7478ABA31F338E1F002B64D6 /* CustomImageView.swift in Sources */ = {isa = PBXBuildFile; fileRef = 7478ABA21F338E1F002B64D6 /* CustomImageView.swift */; };
		7478ABA61F339798002B64D6 /* HomeController.swift in Sources */ = {isa = PBXBuildFile; fileRef = 7478ABA51F339798002B64D6 /* HomeController.swift */; };
		7478ABA81F339B25002B64D6 /* HomePostCell.swift in Sources */ = {isa = PBXBuildFile; fileRef = 7478ABA71F339B25002B64D6 /* HomePostCell.swift */; };
		7478ABAA1F33C59C002B64D6 /* User.swift in Sources */ = {isa = PBXBuildFile; fileRef = 7478ABA91F33C59C002B64D6 /* User.swift */; };
		7478ABAC1F33CC2E002B64D6 /* FirebaseUtils.swift in Sources */ = {isa = PBXBuildFile; fileRef = 7478ABAB1F33CC2E002B64D6 /* FirebaseUtils.swift */; };
		7478ABAF1F33CD85002B64D6 /* UserSearchController.swift in Sources */ = {isa = PBXBuildFile; fileRef = 7478ABAE1F33CD85002B64D6 /* UserSearchController.swift */; };
		7478ABB11F33D2A1002B64D6 /* UserSearchCell.swift in Sources */ = {isa = PBXBuildFile; fileRef = 7478ABB01F33D2A1002B64D6 /* UserSearchCell.swift */; };
		748DF32C1F2FB4B600D7801B /* AppDelegate.swift in Sources */ = {isa = PBXBuildFile; fileRef = 748DF32B1F2FB4B600D7801B /* AppDelegate.swift */; };
		748DF32E1F2FB4B600D7801B /* SignUpController.swift in Sources */ = {isa = PBXBuildFile; fileRef = 748DF32D1F2FB4B600D7801B /* SignUpController.swift */; };
		748DF3311F2FB4B600D7801B /* Main.storyboard in Resources */ = {isa = PBXBuildFile; fileRef = 748DF32F1F2FB4B600D7801B /* Main.storyboard */; };
		748DF3331F2FB4B600D7801B /* Assets.xcassets in Resources */ = {isa = PBXBuildFile; fileRef = 748DF3321F2FB4B600D7801B /* Assets.xcassets */; };
		748DF3361F2FB4B600D7801B /* LaunchScreen.storyboard in Resources */ = {isa = PBXBuildFile; fileRef = 748DF3341F2FB4B600D7801B /* LaunchScreen.storyboard */; };
		748DF33F1F2FF57100D7801B /* Pacifico.ttf in Resources */ = {isa = PBXBuildFile; fileRef = 748DF33D1F2FF51700D7801B /* Pacifico.ttf */; };
		748DF3421F30216B00D7801B /* Extensions.swift in Sources */ = {isa = PBXBuildFile; fileRef = 748DF3411F30216B00D7801B /* Extensions.swift */; };
		74A458091F34D46A009061EF /* CameraController.swift in Sources */ = {isa = PBXBuildFile; fileRef = 74A458081F34D46A009061EF /* CameraController.swift */; };
		74A4580D1F350D3E009061EF /* PreviewPhotoContainerView.swift in Sources */ = {isa = PBXBuildFile; fileRef = 74A4580C1F350D3E009061EF /* PreviewPhotoContainerView.swift */; };
		74E5AAE51F396C6C00CD7A21 /* CommentCell.swift in Sources */ = {isa = PBXBuildFile; fileRef = 74E5AAE41F396C6C00CD7A21 /* CommentCell.swift */; };
		74E5AAE71F3971F300CD7A21 /* Comment.swift in Sources */ = {isa = PBXBuildFile; fileRef = 74E5AAE61F3971F300CD7A21 /* Comment.swift */; };
		F8DBBCDC7F034A79F606A9A8 /* Pods_Edstagram.framework in Frameworks */ = {isa = PBXBuildFile; fileRef = 4E59D4FA78E5C36BE0D95B84 /* Pods_Edstagram.framework */; };
/* End PBXBuildFile section */

/* Begin PBXFileReference section */
		4E59D4FA78E5C36BE0D95B84 /* Pods_Edstagram.framework */ = {isa = PBXFileReference; explicitFileType = wrapper.framework; includeInIndex = 0; path = Pods_Edstagram.framework; sourceTree = BUILT_PRODUCTS_DIR; };
		69ED8D2AAF24C2DC72F2B953 /* Pods-Edstagram.release.xcconfig */ = {isa = PBXFileReference; includeInIndex = 1; lastKnownFileType = text.xcconfig; name = "Pods-Edstagram.release.xcconfig"; path = "Pods/Target Support Files/Pods-Edstagram/Pods-Edstagram.release.xcconfig"; sourceTree = "<group>"; };
		743FC29E1F313A0700CD0813 /* MainTabBarController.swift */ = {isa = PBXFileReference; fileEncoding = 4; lastKnownFileType = sourcecode.swift; path = MainTabBarController.swift; sourceTree = "<group>"; };
		743FC2A01F313B3300CD0813 /* UserProfileController.swift */ = {isa = PBXFileReference; fileEncoding = 4; lastKnownFileType = sourcecode.swift; path = UserProfileController.swift; sourceTree = "<group>"; };
		743FC2A31F317F5900CD0813 /* UserProfileHeader.swift */ = {isa = PBXFileReference; fileEncoding = 4; lastKnownFileType = sourcecode.swift; path = UserProfileHeader.swift; sourceTree = "<group>"; };
		745BA0E01F324F3400183D3B /* GoogleService-Info.plist */ = {isa = PBXFileReference; fileEncoding = 4; lastKnownFileType = text.plist.xml; path = "GoogleService-Info.plist"; sourceTree = "<group>"; };
		745BA0E31F32538100183D3B /* LoginController.swift */ = {isa = PBXFileReference; fileEncoding = 4; lastKnownFileType = sourcecode.swift; path = LoginController.swift; sourceTree = "<group>"; };
		745BA0E61F32885500183D3B /* PhotoSelectorController.swift */ = {isa = PBXFileReference; fileEncoding = 4; lastKnownFileType = sourcecode.swift; path = PhotoSelectorController.swift; sourceTree = "<group>"; };
		746349851F36BCAA00877353 /* CustomAnimationPresententor.swift */ = {isa = PBXFileReference; fileEncoding = 4; lastKnownFileType = sourcecode.swift; path = CustomAnimationPresententor.swift; sourceTree = "<group>"; };
		746349871F36C13A00877353 /* CustomAnimationDismsser.swift */ = {isa = PBXFileReference; fileEncoding = 4; lastKnownFileType = sourcecode.swift; path = CustomAnimationDismsser.swift; sourceTree = "<group>"; };
		746349891F36C6EC00877353 /* CommentsController.swift */ = {isa = PBXFileReference; fileEncoding = 4; lastKnownFileType = sourcecode.swift; path = CommentsController.swift; sourceTree = "<group>"; };
		7470DDB71F32CBAE00BBD417 /* PhotoSelectorCell.swift */ = {isa = PBXFileReference; fileEncoding = 4; lastKnownFileType = sourcecode.swift; path = PhotoSelectorCell.swift; sourceTree = "<group>"; };
		7470DDB91F32D34500BBD417 /* PhotoSelectorHeader.swift */ = {isa = PBXFileReference; fileEncoding = 4; lastKnownFileType = sourcecode.swift; path = PhotoSelectorHeader.swift; sourceTree = "<group>"; };
		7478AB9C1F336BD6002B64D6 /* SharePhotoController.swift */ = {isa = PBXFileReference; fileEncoding = 4; lastKnownFileType = sourcecode.swift; path = SharePhotoController.swift; sourceTree = "<group>"; };
		7478AB9E1F338480002B64D6 /* Post.swift */ = {isa = PBXFileReference; fileEncoding = 4; lastKnownFileType = sourcecode.swift; path = Post.swift; sourceTree = "<group>"; };
		7478ABA01F33891E002B64D6 /* UserProfilePhotoCell.swift */ = {isa = PBXFileReference; fileEncoding = 4; lastKnownFileType = sourcecode.swift; path = UserProfilePhotoCell.swift; sourceTree = "<group>"; };
		7478ABA21F338E1F002B64D6 /* CustomImageView.swift */ = {isa = PBXFileReference; fileEncoding = 4; lastKnownFileType = sourcecode.swift; path = CustomImageView.swift; sourceTree = "<group>"; };
		7478ABA51F339798002B64D6 /* HomeController.swift */ = {isa = PBXFileReference; fileEncoding = 4; lastKnownFileType = sourcecode.swift; path = HomeController.swift; sourceTree = "<group>"; };
		7478ABA71F339B25002B64D6 /* HomePostCell.swift */ = {isa = PBXFileReference; fileEncoding = 4; lastKnownFileType = sourcecode.swift; path = HomePostCell.swift; sourceTree = "<group>"; };
		7478ABA91F33C59C002B64D6 /* User.swift */ = {isa = PBXFileReference; fileEncoding = 4; lastKnownFileType = sourcecode.swift; path = User.swift; sourceTree = "<group>"; };
		7478ABAB1F33CC2E002B64D6 /* FirebaseUtils.swift */ = {isa = PBXFileReference; fileEncoding = 4; lastKnownFileType = sourcecode.swift; path = FirebaseUtils.swift; sourceTree = "<group>"; };
		7478ABAE1F33CD85002B64D6 /* UserSearchController.swift */ = {isa = PBXFileReference; fileEncoding = 4; lastKnownFileType = sourcecode.swift; path = UserSearchController.swift; sourceTree = "<group>"; };
		7478ABB01F33D2A1002B64D6 /* UserSearchCell.swift */ = {isa = PBXFileReference; fileEncoding = 4; lastKnownFileType = sourcecode.swift; path = UserSearchCell.swift; sourceTree = "<group>"; };
		748DF3281F2FB4B600D7801B /* Edstagram.app */ = {isa = PBXFileReference; explicitFileType = wrapper.application; includeInIndex = 0; path = Edstagram.app; sourceTree = BUILT_PRODUCTS_DIR; };
		748DF32B1F2FB4B600D7801B /* AppDelegate.swift */ = {isa = PBXFileReference; lastKnownFileType = sourcecode.swift; path = AppDelegate.swift; sourceTree = "<group>"; };
		748DF32D1F2FB4B600D7801B /* SignUpController.swift */ = {isa = PBXFileReference; lastKnownFileType = sourcecode.swift; path = SignUpController.swift; sourceTree = "<group>"; };
		748DF3301F2FB4B600D7801B /* Base */ = {isa = PBXFileReference; lastKnownFileType = file.storyboard; name = Base; path = Base.lproj/Main.storyboard; sourceTree = "<group>"; };
		748DF3321F2FB4B600D7801B /* Assets.xcassets */ = {isa = PBXFileReference; lastKnownFileType = folder.assetcatalog; path = Assets.xcassets; sourceTree = "<group>"; };
		748DF3351F2FB4B600D7801B /* Base */ = {isa = PBXFileReference; lastKnownFileType = file.storyboard; name = Base; path = Base.lproj/LaunchScreen.storyboard; sourceTree = "<group>"; };
		748DF3371F2FB4B600D7801B /* Info.plist */ = {isa = PBXFileReference; lastKnownFileType = text.plist.xml; path = Info.plist; sourceTree = "<group>"; };
		748DF33D1F2FF51700D7801B /* Pacifico.ttf */ = {isa = PBXFileReference; lastKnownFileType = file; path = Pacifico.ttf; sourceTree = "<group>"; };
		748DF3411F30216B00D7801B /* Extensions.swift */ = {isa = PBXFileReference; fileEncoding = 4; lastKnownFileType = sourcecode.swift; path = Extensions.swift; sourceTree = "<group>"; };
		74A458081F34D46A009061EF /* CameraController.swift */ = {isa = PBXFileReference; fileEncoding = 4; lastKnownFileType = sourcecode.swift; path = CameraController.swift; sourceTree = "<group>"; };
		74A4580C1F350D3E009061EF /* PreviewPhotoContainerView.swift */ = {isa = PBXFileReference; fileEncoding = 4; lastKnownFileType = sourcecode.swift; path = PreviewPhotoContainerView.swift; sourceTree = "<group>"; };
		74E5AAE41F396C6C00CD7A21 /* CommentCell.swift */ = {isa = PBXFileReference; fileEncoding = 4; lastKnownFileType = sourcecode.swift; path = CommentCell.swift; sourceTree = "<group>"; };
		74E5AAE61F3971F300CD7A21 /* Comment.swift */ = {isa = PBXFileReference; fileEncoding = 4; lastKnownFileType = sourcecode.swift; path = Comment.swift; sourceTree = "<group>"; };
		DFAAA397A572F97310EE810E /* Pods-Edstagram.debug.xcconfig */ = {isa = PBXFileReference; includeInIndex = 1; lastKnownFileType = text.xcconfig; name = "Pods-Edstagram.debug.xcconfig"; path = "Pods/Target Support Files/Pods-Edstagram/Pods-Edstagram.debug.xcconfig"; sourceTree = "<group>"; };
/* End PBXFileReference section */

/* Begin PBXFrameworksBuildPhase section */
		748DF3251F2FB4B600D7801B /* Frameworks */ = {
			isa = PBXFrameworksBuildPhase;
			buildActionMask = 2147483647;
			files = (
				F8DBBCDC7F034A79F606A9A8 /* Pods_Edstagram.framework in Frameworks */,
			);
			runOnlyForDeploymentPostprocessing = 0;
		};
/* End PBXFrameworksBuildPhase section */

/* Begin PBXGroup section */
		743FC2A21F317F2700CD0813 /* UserProfile */ = {
			isa = PBXGroup;
			children = (
				743FC2A01F313B3300CD0813 /* UserProfileController.swift */,
				743FC2A31F317F5900CD0813 /* UserProfileHeader.swift */,
				7478ABA01F33891E002B64D6 /* UserProfilePhotoCell.swift */,
			);
			name = UserProfile;
			sourceTree = "<group>";
		};
		743FC2A61F3185D700CD0813 /* Model */ = {
			isa = PBXGroup;
			children = (
				7478AB9E1F338480002B64D6 /* Post.swift */,
				7478ABA91F33C59C002B64D6 /* User.swift */,
				74E5AAE61F3971F300CD7A21 /* Comment.swift */,
			);
			name = Model;
			sourceTree = "<group>";
		};
		745BA0E21F32536B00183D3B /* Login */ = {
			isa = PBXGroup;
			children = (
				745BA0E31F32538100183D3B /* LoginController.swift */,
				748DF32D1F2FB4B600D7801B /* SignUpController.swift */,
			);
			name = Login;
			sourceTree = "<group>";
		};
		745BA0E51F32883200183D3B /* AddPhoto */ = {
			isa = PBXGroup;
			children = (
				745BA0E61F32885500183D3B /* PhotoSelectorController.swift */,
				7470DDB71F32CBAE00BBD417 /* PhotoSelectorCell.swift */,
				7470DDB91F32D34500BBD417 /* PhotoSelectorHeader.swift */,
				7478AB9C1F336BD6002B64D6 /* SharePhotoController.swift */,
			);
			name = AddPhoto;
			sourceTree = "<group>";
		};
		7478ABA41F33977F002B64D6 /* Home */ = {
			isa = PBXGroup;
			children = (
				7478ABA51F339798002B64D6 /* HomeController.swift */,
				7478ABA71F339B25002B64D6 /* HomePostCell.swift */,
				746349891F36C6EC00877353 /* CommentsController.swift */,
				74E5AAE41F396C6C00CD7A21 /* CommentCell.swift */,
			);
			name = Home;
			sourceTree = "<group>";
		};
		7478ABAD1F33CD68002B64D6 /* Search */ = {
			isa = PBXGroup;
			children = (
				7478ABAE1F33CD85002B64D6 /* UserSearchController.swift */,
				7478ABB01F33D2A1002B64D6 /* UserSearchCell.swift */,
			);
			name = Search;
			sourceTree = "<group>";
		};
		748DF31F1F2FB4B600D7801B = {
			isa = PBXGroup;
			children = (
				748DF32A1F2FB4B600D7801B /* Edstagram */,
				748DF3291F2FB4B600D7801B /* Products */,
				A3E99455A32D222933433BAD /* Pods */,
				A87B778BEAB9CE4965C54710 /* Frameworks */,
			);
			sourceTree = "<group>";
		};
		748DF3291F2FB4B600D7801B /* Products */ = {
			isa = PBXGroup;
			children = (
				748DF3281F2FB4B600D7801B /* Edstagram.app */,
			);
			name = Products;
			sourceTree = "<group>";
		};
		748DF32A1F2FB4B600D7801B /* Edstagram */ = {
			isa = PBXGroup;
			children = (
				74A458071F34D453009061EF /* Camera */,
				7478ABAD1F33CD68002B64D6 /* Search */,
				7478ABA41F33977F002B64D6 /* Home */,
				745BA0E51F32883200183D3B /* AddPhoto */,
				745BA0E21F32536B00183D3B /* Login */,
				743FC2A61F3185D700CD0813 /* Model */,
				743FC2A21F317F2700CD0813 /* UserProfile */,
				748DF3401F30214F00D7801B /* Utils */,
				748DF33E1F2FF53D00D7801B /* Resources */,
				748DF32B1F2FB4B600D7801B /* AppDelegate.swift */,
				745BA0E01F324F3400183D3B /* GoogleService-Info.plist */,
				743FC29E1F313A0700CD0813 /* MainTabBarController.swift */,
				748DF32F1F2FB4B600D7801B /* Main.storyboard */,
				748DF3321F2FB4B600D7801B /* Assets.xcassets */,
				748DF3341F2FB4B600D7801B /* LaunchScreen.storyboard */,
				748DF3371F2FB4B600D7801B /* Info.plist */,
			);
			path = Edstagram;
			sourceTree = "<group>";
		};
		748DF33E1F2FF53D00D7801B /* Resources */ = {
			isa = PBXGroup;
			children = (
				748DF33D1F2FF51700D7801B /* Pacifico.ttf */,
			);
			name = Resources;
			sourceTree = "<group>";
		};
		748DF3401F30214F00D7801B /* Utils */ = {
			isa = PBXGroup;
			children = (
				748DF3411F30216B00D7801B /* Extensions.swift */,
				7478ABA21F338E1F002B64D6 /* CustomImageView.swift */,
				7478ABAB1F33CC2E002B64D6 /* FirebaseUtils.swift */,
			);
			name = Utils;
			sourceTree = "<group>";
		};
		74A458071F34D453009061EF /* Camera */ = {
			isa = PBXGroup;
			children = (
				74A458081F34D46A009061EF /* CameraController.swift */,
				74A4580C1F350D3E009061EF /* PreviewPhotoContainerView.swift */,
				746349851F36BCAA00877353 /* CustomAnimationPresententor.swift */,
				746349871F36C13A00877353 /* CustomAnimationDismsser.swift */,
			);
			name = Camera;
			sourceTree = "<group>";
		};
		A3E99455A32D222933433BAD /* Pods */ = {
			isa = PBXGroup;
			children = (
				DFAAA397A572F97310EE810E /* Pods-Edstagram.debug.xcconfig */,
				69ED8D2AAF24C2DC72F2B953 /* Pods-Edstagram.release.xcconfig */,
			);
			name = Pods;
			sourceTree = "<group>";
		};
		A87B778BEAB9CE4965C54710 /* Frameworks */ = {
			isa = PBXGroup;
			children = (
				4E59D4FA78E5C36BE0D95B84 /* Pods_Edstagram.framework */,
			);
			name = Frameworks;
			sourceTree = "<group>";
		};
/* End PBXGroup section */

/* Begin PBXNativeTarget section */
		748DF3271F2FB4B600D7801B /* Edstagram */ = {
			isa = PBXNativeTarget;
			buildConfigurationList = 748DF33A1F2FB4B600D7801B /* Build configuration list for PBXNativeTarget "Edstagram" */;
			buildPhases = (
				8C307C68C67B6D83E747C9AE /* [CP] Check Pods Manifest.lock */,
				748DF3241F2FB4B600D7801B /* Sources */,
				748DF3251F2FB4B600D7801B /* Frameworks */,
				748DF3261F2FB4B600D7801B /* Resources */,
				E1EB207CF20A3E0C98338D0F /* [CP] Embed Pods Frameworks */,
				EF6F44156B9C7A36DD194B93 /* [CP] Copy Pods Resources */,
			);
			buildRules = (
			);
			dependencies = (
			);
			name = Edstagram;
			productName = Edstagram;
			productReference = 748DF3281F2FB4B600D7801B /* Edstagram.app */;
			productType = "com.apple.product-type.application";
		};
/* End PBXNativeTarget section */

/* Begin PBXProject section */
		748DF3201F2FB4B600D7801B /* Project object */ = {
			isa = PBXProject;
			attributes = {
				LastSwiftUpdateCheck = 0830;
				LastUpgradeCheck = 0830;
				ORGANIZATIONNAME = Swiftbeard;
				TargetAttributes = {
					748DF3271F2FB4B600D7801B = {
						CreatedOnToolsVersion = 8.3.3;
						DevelopmentTeam = BXEL354SU6;
						ProvisioningStyle = Automatic;
					};
				};
			};
			buildConfigurationList = 748DF3231F2FB4B600D7801B /* Build configuration list for PBXProject "Edstagram" */;
			compatibilityVersion = "Xcode 3.2";
			developmentRegion = English;
			hasScannedForEncodings = 0;
			knownRegions = (
				en,
				Base,
			);
			mainGroup = 748DF31F1F2FB4B600D7801B;
			productRefGroup = 748DF3291F2FB4B600D7801B /* Products */;
			projectDirPath = "";
			projectRoot = "";
			targets = (
				748DF3271F2FB4B600D7801B /* Edstagram */,
			);
		};
/* End PBXProject section */

/* Begin PBXResourcesBuildPhase section */
		748DF3261F2FB4B600D7801B /* Resources */ = {
			isa = PBXResourcesBuildPhase;
			buildActionMask = 2147483647;
			files = (
				748DF33F1F2FF57100D7801B /* Pacifico.ttf in Resources */,
				748DF3361F2FB4B600D7801B /* LaunchScreen.storyboard in Resources */,
				745BA0E11F324F3400183D3B /* GoogleService-Info.plist in Resources */,
				748DF3331F2FB4B600D7801B /* Assets.xcassets in Resources */,
				748DF3311F2FB4B600D7801B /* Main.storyboard in Resources */,
			);
			runOnlyForDeploymentPostprocessing = 0;
		};
/* End PBXResourcesBuildPhase section */

/* Begin PBXShellScriptBuildPhase section */
		8C307C68C67B6D83E747C9AE /* [CP] Check Pods Manifest.lock */ = {
			isa = PBXShellScriptBuildPhase;
			buildActionMask = 2147483647;
			files = (
			);
			inputPaths = (
			);
			name = "[CP] Check Pods Manifest.lock";
			outputPaths = (
			);
			runOnlyForDeploymentPostprocessing = 0;
			shellPath = /bin/sh;
			shellScript = "diff \"${PODS_PODFILE_DIR_PATH}/Podfile.lock\" \"${PODS_ROOT}/Manifest.lock\" > /dev/null\nif [ $? != 0 ] ; then\n    # print error to STDERR\n    echo \"error: The sandbox is not in sync with the Podfile.lock. Run 'pod install' or update your CocoaPods installation.\" >&2\n    exit 1\nfi\n";
			showEnvVarsInLog = 0;
		};
		E1EB207CF20A3E0C98338D0F /* [CP] Embed Pods Frameworks */ = {
			isa = PBXShellScriptBuildPhase;
			buildActionMask = 2147483647;
			files = (
			);
			inputPaths = (
			);
			name = "[CP] Embed Pods Frameworks";
			outputPaths = (
			);
			runOnlyForDeploymentPostprocessing = 0;
			shellPath = /bin/sh;
			shellScript = "\"${SRCROOT}/Pods/Target Support Files/Pods-Edstagram/Pods-Edstagram-frameworks.sh\"\n";
			showEnvVarsInLog = 0;
		};
		EF6F44156B9C7A36DD194B93 /* [CP] Copy Pods Resources */ = {
			isa = PBXShellScriptBuildPhase;
			buildActionMask = 2147483647;
			files = (
			);
			inputPaths = (
			);
			name = "[CP] Copy Pods Resources";
			outputPaths = (
			);
			runOnlyForDeploymentPostprocessing = 0;
			shellPath = /bin/sh;
			shellScript = "\"${SRCROOT}/Pods/Target Support Files/Pods-Edstagram/Pods-Edstagram-resources.sh\"\n";
			showEnvVarsInLog = 0;
		};
/* End PBXShellScriptBuildPhase section */

/* Begin PBXSourcesBuildPhase section */
		748DF3241F2FB4B600D7801B /* Sources */ = {
			isa = PBXSourcesBuildPhase;
			buildActionMask = 2147483647;
			files = (
				7478ABB11F33D2A1002B64D6 /* UserSearchCell.swift in Sources */,
				7478ABAC1F33CC2E002B64D6 /* FirebaseUtils.swift in Sources */,
				7478AB9D1F336BD6002B64D6 /* SharePhotoController.swift in Sources */,
				748DF32E1F2FB4B600D7801B /* SignUpController.swift in Sources */,
				746349861F36BCAA00877353 /* CustomAnimationPresententor.swift in Sources */,
				746349881F36C13A00877353 /* CustomAnimationDismsser.swift in Sources */,
				7470DDB81F32CBAE00BBD417 /* PhotoSelectorCell.swift in Sources */,
				7478ABA31F338E1F002B64D6 /* CustomImageView.swift in Sources */,
				7478AB9F1F338480002B64D6 /* Post.swift in Sources */,
				7478ABAF1F33CD85002B64D6 /* UserSearchController.swift in Sources */,
				748DF3421F30216B00D7801B /* Extensions.swift in Sources */,
				74A458091F34D46A009061EF /* CameraController.swift in Sources */,
				7478ABA11F33891E002B64D6 /* UserProfilePhotoCell.swift in Sources */,
				74E5AAE51F396C6C00CD7A21 /* CommentCell.swift in Sources */,
				7478ABAA1F33C59C002B64D6 /* User.swift in Sources */,
				743FC29F1F313A0700CD0813 /* MainTabBarController.swift in Sources */,
				743FC2A41F317F5900CD0813 /* UserProfileHeader.swift in Sources */,
				743FC2A11F313B3300CD0813 /* UserProfileController.swift in Sources */,
				748DF32C1F2FB4B600D7801B /* AppDelegate.swift in Sources */,
				74A4580D1F350D3E009061EF /* PreviewPhotoContainerView.swift in Sources */,
				745BA0E41F32538100183D3B /* LoginController.swift in Sources */,
				7478ABA81F339B25002B64D6 /* HomePostCell.swift in Sources */,
				7470DDBA1F32D34500BBD417 /* PhotoSelectorHeader.swift in Sources */,
				7463498A1F36C6EC00877353 /* CommentsController.swift in Sources */,
				745BA0E71F32885500183D3B /* PhotoSelectorController.swift in Sources */,
				74E5AAE71F3971F300CD7A21 /* Comment.swift in Sources */,
				7478ABA61F339798002B64D6 /* HomeController.swift in Sources */,
			);
			runOnlyForDeploymentPostprocessing = 0;
		};
/* End PBXSourcesBuildPhase section */

/* Begin PBXVariantGroup section */
		748DF32F1F2FB4B600D7801B /* Main.storyboard */ = {
			isa = PBXVariantGroup;
			children = (
				748DF3301F2FB4B600D7801B /* Base */,
			);
			name = Main.storyboard;
			sourceTree = "<group>";
		};
		748DF3341F2FB4B600D7801B /* LaunchScreen.storyboard */ = {
			isa = PBXVariantGroup;
			children = (
				748DF3351F2FB4B600D7801B /* Base */,
			);
			name = LaunchScreen.storyboard;
			sourceTree = "<group>";
		};
/* End PBXVariantGroup section */

/* Begin XCBuildConfiguration section */
		748DF3381F2FB4B600D7801B /* Debug */ = {
			isa = XCBuildConfiguration;
			buildSettings = {
				ALWAYS_SEARCH_USER_PATHS = NO;
				CLANG_ANALYZER_NONNULL = YES;
				CLANG_ANALYZER_NUMBER_OBJECT_CONVERSION = YES_AGGRESSIVE;
				CLANG_CXX_LANGUAGE_STANDARD = "gnu++0x";
				CLANG_CXX_LIBRARY = "libc++";
				CLANG_ENABLE_MODULES = YES;
				CLANG_ENABLE_OBJC_ARC = YES;
				CLANG_WARN_BOOL_CONVERSION = YES;
				CLANG_WARN_CONSTANT_CONVERSION = YES;
				CLANG_WARN_DIRECT_OBJC_ISA_USAGE = YES_ERROR;
				CLANG_WARN_DOCUMENTATION_COMMENTS = YES;
				CLANG_WARN_EMPTY_BODY = YES;
				CLANG_WARN_ENUM_CONVERSION = YES;
				CLANG_WARN_INFINITE_RECURSION = YES;
				CLANG_WARN_INT_CONVERSION = YES;
				CLANG_WARN_OBJC_ROOT_CLASS = YES_ERROR;
				CLANG_WARN_SUSPICIOUS_MOVE = YES;
				CLANG_WARN_UNREACHABLE_CODE = YES;
				CLANG_WARN__DUPLICATE_METHOD_MATCH = YES;
				"CODE_SIGN_IDENTITY[sdk=iphoneos*]" = "iPhone Developer";
				COPY_PHASE_STRIP = NO;
				DEBUG_INFORMATION_FORMAT = dwarf;
				ENABLE_STRICT_OBJC_MSGSEND = YES;
				ENABLE_TESTABILITY = YES;
				GCC_C_LANGUAGE_STANDARD = gnu99;
				GCC_DYNAMIC_NO_PIC = NO;
				GCC_NO_COMMON_BLOCKS = YES;
				GCC_OPTIMIZATION_LEVEL = 0;
				GCC_PREPROCESSOR_DEFINITIONS = (
					"DEBUG=1",
					"$(inherited)",
				);
				GCC_WARN_64_TO_32_BIT_CONVERSION = YES;
				GCC_WARN_ABOUT_RETURN_TYPE = YES_ERROR;
				GCC_WARN_UNDECLARED_SELECTOR = YES;
				GCC_WARN_UNINITIALIZED_AUTOS = YES_AGGRESSIVE;
				GCC_WARN_UNUSED_FUNCTION = YES;
				GCC_WARN_UNUSED_VARIABLE = YES;
				IPHONEOS_DEPLOYMENT_TARGET = 10.3;
				MTL_ENABLE_DEBUG_INFO = YES;
				ONLY_ACTIVE_ARCH = YES;
				SDKROOT = iphoneos;
				SWIFT_ACTIVE_COMPILATION_CONDITIONS = DEBUG;
				SWIFT_OPTIMIZATION_LEVEL = "-Onone";
				TARGETED_DEVICE_FAMILY = "1,2";
			};
			name = Debug;
		};
		748DF3391F2FB4B600D7801B /* Release */ = {
			isa = XCBuildConfiguration;
			buildSettings = {
				ALWAYS_SEARCH_USER_PATHS = NO;
				CLANG_ANALYZER_NONNULL = YES;
				CLANG_ANALYZER_NUMBER_OBJECT_CONVERSION = YES_AGGRESSIVE;
				CLANG_CXX_LANGUAGE_STANDARD = "gnu++0x";
				CLANG_CXX_LIBRARY = "libc++";
				CLANG_ENABLE_MODULES = YES;
				CLANG_ENABLE_OBJC_ARC = YES;
				CLANG_WARN_BOOL_CONVERSION = YES;
				CLANG_WARN_CONSTANT_CONVERSION = YES;
				CLANG_WARN_DIRECT_OBJC_ISA_USAGE = YES_ERROR;
				CLANG_WARN_DOCUMENTATION_COMMENTS = YES;
				CLANG_WARN_EMPTY_BODY = YES;
				CLANG_WARN_ENUM_CONVERSION = YES;
				CLANG_WARN_INFINITE_RECURSION = YES;
				CLANG_WARN_INT_CONVERSION = YES;
				CLANG_WARN_OBJC_ROOT_CLASS = YES_ERROR;
				CLANG_WARN_SUSPICIOUS_MOVE = YES;
				CLANG_WARN_UNREACHABLE_CODE = YES;
				CLANG_WARN__DUPLICATE_METHOD_MATCH = YES;
				"CODE_SIGN_IDENTITY[sdk=iphoneos*]" = "iPhone Developer";
				COPY_PHASE_STRIP = NO;
				DEBUG_INFORMATION_FORMAT = "dwarf-with-dsym";
				ENABLE_NS_ASSERTIONS = NO;
				ENABLE_STRICT_OBJC_MSGSEND = YES;
				GCC_C_LANGUAGE_STANDARD = gnu99;
				GCC_NO_COMMON_BLOCKS = YES;
				GCC_WARN_64_TO_32_BIT_CONVERSION = YES;
				GCC_WARN_ABOUT_RETURN_TYPE = YES_ERROR;
				GCC_WARN_UNDECLARED_SELECTOR = YES;
				GCC_WARN_UNINITIALIZED_AUTOS = YES_AGGRESSIVE;
				GCC_WARN_UNUSED_FUNCTION = YES;
				GCC_WARN_UNUSED_VARIABLE = YES;
				IPHONEOS_DEPLOYMENT_TARGET = 10.3;
				MTL_ENABLE_DEBUG_INFO = NO;
				SDKROOT = iphoneos;
				SWIFT_OPTIMIZATION_LEVEL = "-Owholemodule";
				TARGETED_DEVICE_FAMILY = "1,2";
				VALIDATE_PRODUCT = YES;
			};
			name = Release;
		};
		748DF33B1F2FB4B600D7801B /* Debug */ = {
			isa = XCBuildConfiguration;
			baseConfigurationReference = DFAAA397A572F97310EE810E /* Pods-Edstagram.debug.xcconfig */;
			buildSettings = {
				ASSETCATALOG_COMPILER_APPICON_NAME = AppIcon;
				DEVELOPMENT_TEAM = BXEL354SU6;
				INFOPLIST_FILE = Edstagram/Info.plist;
				LD_RUNPATH_SEARCH_PATHS = "$(inherited) @executable_path/Frameworks";
				PRODUCT_BUNDLE_IDENTIFIER = com.swiftbeard.Edstagram;
				PRODUCT_NAME = "$(TARGET_NAME)";
				SWIFT_VERSION = 3.0;
			};
			name = Debug;
		};
		748DF33C1F2FB4B600D7801B /* Release */ = {
			isa = XCBuildConfiguration;
			baseConfigurationReference = 69ED8D2AAF24C2DC72F2B953 /* Pods-Edstagram.release.xcconfig */;
			buildSettings = {
				ASSETCATALOG_COMPILER_APPICON_NAME = AppIcon;
				DEVELOPMENT_TEAM = BXEL354SU6;
				INFOPLIST_FILE = Edstagram/Info.plist;
				LD_RUNPATH_SEARCH_PATHS = "$(inherited) @executable_path/Frameworks";
				PRODUCT_BUNDLE_IDENTIFIER = com.swiftbeard.Edstagram;
				PRODUCT_NAME = "$(TARGET_NAME)";
				SWIFT_VERSION = 3.0;
			};
			name = Release;
		};
/* End XCBuildConfiguration section */

/* Begin XCConfigurationList section */
		748DF3231F2FB4B600D7801B /* Build configuration list for PBXProject "Edstagram" */ = {
			isa = XCConfigurationList;
			buildConfigurations = (
				748DF3381F2FB4B600D7801B /* Debug */,
				748DF3391F2FB4B600D7801B /* Release */,
			);
			defaultConfigurationIsVisible = 0;
			defaultConfigurationName = Release;
		};
		748DF33A1F2FB4B600D7801B /* Build configuration list for PBXNativeTarget "Edstagram" */ = {
			isa = XCConfigurationList;
			buildConfigurations = (
				748DF33B1F2FB4B600D7801B /* Debug */,
				748DF33C1F2FB4B600D7801B /* Release */,
			);
			defaultConfigurationIsVisible = 0;
			defaultConfigurationName = Release;
		};
/* End XCConfigurationList section */
	};
	rootObject = 748DF3201F2FB4B600D7801B /* Project object */;
}
